// !$*UTF8*$!
{
	archiveVersion = 1;
	classes = {
	};
	objectVersion = 46;
	objects = {

/* Begin PBXBuildFile section */
		B621DB8C1F50FE4400361ED5 /* AppDelegate.swift in Sources */ = {isa = PBXBuildFile; fileRef = B621DB8B1F50FE4400361ED5 /* AppDelegate.swift */; };
		B621DB8E1F50FE4400361ED5 /* ViewController.swift in Sources */ = {isa = PBXBuildFile; fileRef = B621DB8D1F50FE4400361ED5 /* ViewController.swift */; };
		B621DB911F50FE4400361ED5 /* Main.storyboard in Resources */ = {isa = PBXBuildFile; fileRef = B621DB8F1F50FE4400361ED5 /* Main.storyboard */; };
		B621DB931F50FE4400361ED5 /* Assets.xcassets in Resources */ = {isa = PBXBuildFile; fileRef = B621DB921F50FE4400361ED5 /* Assets.xcassets */; };
		B621DB961F50FE4400361ED5 /* LaunchScreen.storyboard in Resources */ = {isa = PBXBuildFile; fileRef = B621DB941F50FE4400361ED5 /* LaunchScreen.storyboard */; };
		B621DBA11F50FE4500361ED5 /* ios_twitter_clientTests.swift in Sources */ = {isa = PBXBuildFile; fileRef = B621DBA01F50FE4500361ED5 /* ios_twitter_clientTests.swift */; };
/* End PBXBuildFile section */

/* Begin PBXContainerItemProxy section */
		B621DB9D1F50FE4500361ED5 /* PBXContainerItemProxy */ = {
			isa = PBXContainerItemProxy;
			containerPortal = B621DB801F50FE4400361ED5 /* Project object */;
			proxyType = 1;
			remoteGlobalIDString = B621DB871F50FE4400361ED5;
			remoteInfo = "ios-twitter-client";
		};
/* End PBXContainerItemProxy section */

/* Begin PBXFileReference section */
		B621DB881F50FE4400361ED5 /* ios-twitter-client.app */ = {isa = PBXFileReference; explicitFileType = wrapper.application; includeInIndex = 0; path = "ios-twitter-client.app"; sourceTree = BUILT_PRODUCTS_DIR; };
		B621DB8B1F50FE4400361ED5 /* AppDelegate.swift */ = {isa = PBXFileReference; lastKnownFileType = sourcecode.swift; path = AppDelegate.swift; sourceTree = "<group>"; };
		B621DB8D1F50FE4400361ED5 /* ViewController.swift */ = {isa = PBXFileReference; lastKnownFileType = sourcecode.swift; path = ViewController.swift; sourceTree = "<group>"; };
		B621DB901F50FE4400361ED5 /* Base */ = {isa = PBXFileReference; lastKnownFileType = file.storyboard; name = Base; path = Base.lproj/Main.storyboard; sourceTree = "<group>"; };
		B621DB921F50FE4400361ED5 /* Assets.xcassets */ = {isa = PBXFileReference; lastKnownFileType = folder.assetcatalog; path = Assets.xcassets; sourceTree = "<group>"; };
		B621DB951F50FE4400361ED5 /* Base */ = {isa = PBXFileReference; lastKnownFileType = file.storyboard; name = Base; path = Base.lproj/LaunchScreen.storyboard; sourceTree = "<group>"; };
		B621DB971F50FE4400361ED5 /* Info.plist */ = {isa = PBXFileReference; lastKnownFileType = text.plist.xml; path = Info.plist; sourceTree = "<group>"; };
		B621DB9C1F50FE4500361ED5 /* ios-twitter-clientTests.xctest */ = {isa = PBXFileReference; explicitFileType = wrapper.cfbundle; includeInIndex = 0; path = "ios-twitter-clientTests.xctest"; sourceTree = BUILT_PRODUCTS_DIR; };
		B621DBA01F50FE4500361ED5 /* ios_twitter_clientTests.swift */ = {isa = PBXFileReference; lastKnownFileType = sourcecode.swift; path = ios_twitter_clientTests.swift; sourceTree = "<group>"; };
		B621DBA21F50FE4500361ED5 /* Info.plist */ = {isa = PBXFileReference; lastKnownFileType = text.plist.xml; path = Info.plist; sourceTree = "<group>"; };
/* End PBXFileReference section */

/* Begin PBXFrameworksBuildPhase section */
		B621DB851F50FE4400361ED5 /* Frameworks */ = {
			isa = PBXFrameworksBuildPhase;
			buildActionMask = 2147483647;
			files = (
			);
			runOnlyForDeploymentPostprocessing = 0;
		};
		B621DB991F50FE4500361ED5 /* Frameworks */ = {
			isa = PBXFrameworksBuildPhase;
			buildActionMask = 2147483647;
			files = (
			);
			runOnlyForDeploymentPostprocessing = 0;
		};
/* End PBXFrameworksBuildPhase section */

/* Begin PBXGroup section */
		B621DB7F1F50FE4400361ED5 = {
			isa = PBXGroup;
			children = (
				B621DB8A1F50FE4400361ED5 /* ios-twitter-client */,
				B621DB9F1F50FE4500361ED5 /* ios-twitter-clientTests */,
				B621DB891F50FE4400361ED5 /* Products */,
			);
			sourceTree = "<group>";
		};
		B621DB891F50FE4400361ED5 /* Products */ = {
			isa = PBXGroup;
			children = (
				B621DB881F50FE4400361ED5 /* ios-twitter-client.app */,
				B621DB9C1F50FE4500361ED5 /* ios-twitter-clientTests.xctest */,
			);
			name = Products;
			sourceTree = "<group>";
		};
		B621DB8A1F50FE4400361ED5 /* ios-twitter-client */ = {
			isa = PBXGroup;
			children = (
				B621DB8B1F50FE4400361ED5 /* AppDelegate.swift */,
				B621DB8D1F50FE4400361ED5 /* ViewController.swift */,
				B621DB8F1F50FE4400361ED5 /* Main.storyboard */,
				B621DB921F50FE4400361ED5 /* Assets.xcassets */,
				B621DB941F50FE4400361ED5 /* LaunchScreen.storyboard */,
				B621DB971F50FE4400361ED5 /* Info.plist */,
			);
			path = "ios-twitter-client";
			sourceTree = "<group>";
		};
		B621DB9F1F50FE4500361ED5 /* ios-twitter-clientTests */ = {
			isa = PBXGroup;
			children = (
				B621DBA01F50FE4500361ED5 /* ios_twitter_clientTests.swift */,
				B621DBA21F50FE4500361ED5 /* Info.plist */,
			);
			path = "ios-twitter-clientTests";
			sourceTree = "<group>";
		};
/* End PBXGroup section */

/* Begin PBXNativeTarget section */
		B621DB871F50FE4400361ED5 /* ios-twitter-client */ = {
			isa = PBXNativeTarget;
			buildConfigurationList = B621DBA51F50FE4500361ED5 /* Build configuration list for PBXNativeTarget "ios-twitter-client" */;
			buildPhases = (
				B621DB841F50FE4400361ED5 /* Sources */,
				B621DB851F50FE4400361ED5 /* Frameworks */,
				B621DB861F50FE4400361ED5 /* Resources */,
			);
			buildRules = (
			);
			dependencies = (
			);
			name = "ios-twitter-client";
			productName = "ios-twitter-client";
			productReference = B621DB881F50FE4400361ED5 /* ios-twitter-client.app */;
			productType = "com.apple.product-type.application";
		};
		B621DB9B1F50FE4500361ED5 /* ios-twitter-clientTests */ = {
			isa = PBXNativeTarget;
			buildConfigurationList = B621DBA81F50FE4500361ED5 /* Build configuration list for PBXNativeTarget "ios-twitter-clientTests" */;
			buildPhases = (
				B621DB981F50FE4500361ED5 /* Sources */,
				B621DB991F50FE4500361ED5 /* Frameworks */,
				B621DB9A1F50FE4500361ED5 /* Resources */,
			);
			buildRules = (
			);
			dependencies = (
				B621DB9E1F50FE4500361ED5 /* PBXTargetDependency */,
			);
			name = "ios-twitter-clientTests";
			productName = "ios-twitter-clientTests";
			productReference = B621DB9C1F50FE4500361ED5 /* ios-twitter-clientTests.xctest */;
			productType = "com.apple.product-type.bundle.unit-test";
		};
/* End PBXNativeTarget section */

/* Begin PBXProject section */
		B621DB801F50FE4400361ED5 /* Project object */ = {
			isa = PBXProject;
			attributes = {
				LastSwiftUpdateCheck = 0830;
				LastUpgradeCheck = 0830;
				ORGANIZATIONNAME = "Okudera Yuki";
				TargetAttributes = {
					B621DB871F50FE4400361ED5 = {
						CreatedOnToolsVersion = 8.3.3;
						DevelopmentTeam = PCCZJUYRT6;
						ProvisioningStyle = Automatic;
					};
					B621DB9B1F50FE4500361ED5 = {
						CreatedOnToolsVersion = 8.3.3;
						DevelopmentTeam = PCCZJUYRT6;
						ProvisioningStyle = Automatic;
						TestTargetID = B621DB871F50FE4400361ED5;
					};
				};
			};
			buildConfigurationList = B621DB831F50FE4400361ED5 /* Build configuration list for PBXProject "ios-twitter-client" */;
			compatibilityVersion = "Xcode 3.2";
			developmentRegion = English;
			hasScannedForEncodings = 0;
			knownRegions = (
				en,
				Base,
			);
			mainGroup = B621DB7F1F50FE4400361ED5;
			productRefGroup = B621DB891F50FE4400361ED5 /* Products */;
			projectDirPath = "";
			projectRoot = "";
			targets = (
				B621DB871F50FE4400361ED5 /* ios-twitter-client */,
				B621DB9B1F50FE4500361ED5 /* ios-twitter-clientTests */,
			);
		};
/* End PBXProject section */

/* Begin PBXResourcesBuildPhase section */
		B621DB861F50FE4400361ED5 /* Resources */ = {
			isa = PBXResourcesBuildPhase;
			buildActionMask = 2147483647;
			files = (
				B621DB961F50FE4400361ED5 /* LaunchScreen.storyboard in Resources */,
				B621DB931F50FE4400361ED5 /* Assets.xcassets in Resources */,
				B621DB911F50FE4400361ED5 /* Main.storyboard in Resources */,
			);
			runOnlyForDeploymentPostprocessing = 0;
		};
		B621DB9A1F50FE4500361ED5 /* Resources */ = {
			isa = PBXResourcesBuildPhase;
			buildActionMask = 2147483647;
			files = (
			);
			runOnlyForDeploymentPostprocessing = 0;
		};
/* End PBXResourcesBuildPhase section */

/* Begin PBXSourcesBuildPhase section */
		B621DB841F50FE4400361ED5 /* Sources */ = {
			isa = PBXSourcesBuildPhase;
			buildActionMask = 2147483647;
			files = (
				B621DB8E1F50FE4400361ED5 /* ViewController.swift in Sources */,
				B621DB8C1F50FE4400361ED5 /* AppDelegate.swift in Sources */,
			);
			runOnlyForDeploymentPostprocessing = 0;
		};
		B621DB981F50FE4500361ED5 /* Sources */ = {
			isa = PBXSourcesBuildPhase;
			buildActionMask = 2147483647;
			files = (
				B621DBA11F50FE4500361ED5 /* ios_twitter_clientTests.swift in Sources */,
			);
			runOnlyForDeploymentPostprocessing = 0;
		};
/* End PBXSourcesBuildPhase section */

/* Begin PBXTargetDependency section */
		B621DB9E1F50FE4500361ED5 /* PBXTargetDependency */ = {
			isa = PBXTargetDependency;
			target = B621DB871F50FE4400361ED5 /* ios-twitter-client */;
			targetProxy = B621DB9D1F50FE4500361ED5 /* PBXContainerItemProxy */;
		};
/* End PBXTargetDependency section */

/* Begin PBXVariantGroup section */
		B621DB8F1F50FE4400361ED5 /* Main.storyboard */ = {
			isa = PBXVariantGroup;
			children = (
				B621DB901F50FE4400361ED5 /* Base */,
			);
			name = Main.storyboard;
			sourceTree = "<group>";
		};
		B621DB941F50FE4400361ED5 /* LaunchScreen.storyboard */ = {
			isa = PBXVariantGroup;
			children = (
				B621DB951F50FE4400361ED5 /* Base */,
			);
			name = LaunchScreen.storyboard;
			sourceTree = "<group>";
		};
/* End PBXVariantGroup section */

/* Begin XCBuildConfiguration section */
		B621DBA31F50FE4500361ED5 /* Debug */ = {
			isa = XCBuildConfiguration;
			buildSettings = {
				ALWAYS_SEARCH_USER_PATHS = NO;
				CLANG_ANALYZER_NONNULL = YES;
				CLANG_ANALYZER_NUMBER_OBJECT_CONVERSION = YES_AGGRESSIVE;
				CLANG_CXX_LANGUAGE_STANDARD = "gnu++0x";
				CLANG_CXX_LIBRARY = "libc++";
				CLANG_ENABLE_MODULES = YES;
				CLANG_ENABLE_OBJC_ARC = YES;
				CLANG_WARN_BOOL_CONVERSION = YES;
				CLANG_WARN_CONSTANT_CONVERSION = YES;
				CLANG_WARN_DIRECT_OBJC_ISA_USAGE = YES_ERROR;
				CLANG_WARN_DOCUMENTATION_COMMENTS = YES;
				CLANG_WARN_EMPTY_BODY = YES;
				CLANG_WARN_ENUM_CONVERSION = YES;
				CLANG_WARN_INFINITE_RECURSION = YES;
				CLANG_WARN_INT_CONVERSION = YES;
				CLANG_WARN_OBJC_ROOT_CLASS = YES_ERROR;
				CLANG_WARN_SUSPICIOUS_MOVE = YES;
				CLANG_WARN_UNREACHABLE_CODE = YES;
				CLANG_WARN__DUPLICATE_METHOD_MATCH = YES;
				"CODE_SIGN_IDENTITY[sdk=iphoneos*]" = "iPhone Developer";
				COPY_PHASE_STRIP = NO;
				DEBUG_INFORMATION_FORMAT = dwarf;
				ENABLE_STRICT_OBJC_MSGSEND = YES;
				ENABLE_TESTABILITY = YES;
				GCC_C_LANGUAGE_STANDARD = gnu99;
				GCC_DYNAMIC_NO_PIC = NO;
				GCC_NO_COMMON_BLOCKS = YES;
				GCC_OPTIMIZATION_LEVEL = 0;
				GCC_PREPROCESSOR_DEFINITIONS = (
					"DEBUG=1",
					"$(inherited)",
				);
				GCC_WARN_64_TO_32_BIT_CONVERSION = YES;
				GCC_WARN_ABOUT_RETURN_TYPE = YES_ERROR;
				GCC_WARN_UNDECLARED_SELECTOR = YES;
				GCC_WARN_UNINITIALIZED_AUTOS = YES_AGGRESSIVE;
				GCC_WARN_UNUSED_FUNCTION = YES;
				GCC_WARN_UNUSED_VARIABLE = YES;
				IPHONEOS_DEPLOYMENT_TARGET = 10.3;
				MTL_ENABLE_DEBUG_INFO = YES;
				ONLY_ACTIVE_ARCH = YES;
				SDKROOT = iphoneos;
				SWIFT_ACTIVE_COMPILATION_CONDITIONS = DEBUG;
				SWIFT_OPTIMIZATION_LEVEL = "-Onone";
				TARGETED_DEVICE_FAMILY = "1,2";
			};
			name = Debug;
		};
		B621DBA41F50FE4500361ED5 /* Release */ = {
			isa = XCBuildConfiguration;
			buildSettings = {
				ALWAYS_SEARCH_USER_PATHS = NO;
				CLANG_ANALYZER_NONNULL = YES;
				CLANG_ANALYZER_NUMBER_OBJECT_CONVERSION = YES_AGGRESSIVE;
				CLANG_CXX_LANGUAGE_STANDARD = "gnu++0x";
				CLANG_CXX_LIBRARY = "libc++";
				CLANG_ENABLE_MODULES = YES;
				CLANG_ENABLE_OBJC_ARC = YES;
				CLANG_WARN_BOOL_CONVERSION = YES;
				CLANG_WARN_CONSTANT_CONVERSION = YES;
				CLANG_WARN_DIRECT_OBJC_ISA_USAGE = YES_ERROR;
				CLANG_WARN_DOCUMENTATION_COMMENTS = YES;
				CLANG_WARN_EMPTY_BODY = YES;
				CLANG_WARN_ENUM_CONVERSION = YES;
				CLANG_WARN_INFINITE_RECURSION = YES;
				CLANG_WARN_INT_CONVERSION = YES;
				CLANG_WARN_OBJC_ROOT_CLASS = YES_ERROR;
				CLANG_WARN_SUSPICIOUS_MOVE = YES;
				CLANG_WARN_UNREACHABLE_CODE = YES;
				CLANG_WARN__DUPLICATE_METHOD_MATCH = YES;
				"CODE_SIGN_IDENTITY[sdk=iphoneos*]" = "iPhone Developer";
				COPY_PHASE_STRIP = NO;
				DEBUG_INFORMATION_FORMAT = "dwarf-with-dsym";
				ENABLE_NS_ASSERTIONS = NO;
				ENABLE_STRICT_OBJC_MSGSEND = YES;
				GCC_C_LANGUAGE_STANDARD = gnu99;
				GCC_NO_COMMON_BLOCKS = YES;
				GCC_WARN_64_TO_32_BIT_CONVERSION = YES;
				GCC_WARN_ABOUT_RETURN_TYPE = YES_ERROR;
				GCC_WARN_UNDECLARED_SELECTOR = YES;
				GCC_WARN_UNINITIALIZED_AUTOS = YES_AGGRESSIVE;
				GCC_WARN_UNUSED_FUNCTION = YES;
				GCC_WARN_UNUSED_VARIABLE = YES;
				IPHONEOS_DEPLOYMENT_TARGET = 10.3;
				MTL_ENABLE_DEBUG_INFO = NO;
				SDKROOT = iphoneos;
				SWIFT_OPTIMIZATION_LEVEL = "-Owholemodule";
				TARGETED_DEVICE_FAMILY = "1,2";
				VALIDATE_PRODUCT = YES;
			};
			name = Release;
		};
		B621DBA61F50FE4500361ED5 /* Debug */ = {
			isa = XCBuildConfiguration;
			buildSettings = {
				ASSETCATALOG_COMPILER_APPICON_NAME = AppIcon;
				DEVELOPMENT_TEAM = PCCZJUYRT6;
				INFOPLIST_FILE = "ios-twitter-client/Info.plist";
				LD_RUNPATH_SEARCH_PATHS = "$(inherited) @executable_path/Frameworks";
				PRODUCT_BUNDLE_IDENTIFIER = "jp.st-ventures.ios-twitter-client";
				PRODUCT_NAME = "$(TARGET_NAME)";
				SWIFT_VERSION = 3.0;
			};
			name = Debug;
		};
		B621DBA71F50FE4500361ED5 /* Release */ = {
			isa = XCBuildConfiguration;
			buildSettings = {
				ASSETCATALOG_COMPILER_APPICON_NAME = AppIcon;
				DEVELOPMENT_TEAM = PCCZJUYRT6;
				INFOPLIST_FILE = "ios-twitter-client/Info.plist";
				LD_RUNPATH_SEARCH_PATHS = "$(inherited) @executable_path/Frameworks";
				PRODUCT_BUNDLE_IDENTIFIER = "jp.st-ventures.ios-twitter-client";
				PRODUCT_NAME = "$(TARGET_NAME)";
				SWIFT_VERSION = 3.0;
			};
			name = Release;
		};
		B621DBA91F50FE4500361ED5 /* Debug */ = {
			isa = XCBuildConfiguration;
			buildSettings = {
				ALWAYS_EMBED_SWIFT_STANDARD_LIBRARIES = YES;
				BUNDLE_LOADER = "$(TEST_HOST)";
				DEVELOPMENT_TEAM = PCCZJUYRT6;
				INFOPLIST_FILE = "ios-twitter-clientTests/Info.plist";
				LD_RUNPATH_SEARCH_PATHS = "$(inherited) @executable_path/Frameworks @loader_path/Frameworks";
				PRODUCT_BUNDLE_IDENTIFIER = "jp.st-ventures.ios-twitter-clientTests";
				PRODUCT_NAME = "$(TARGET_NAME)";
				SWIFT_VERSION = 3.0;
				TEST_HOST = "$(BUILT_PRODUCTS_DIR)/ios-twitter-client.app/ios-twitter-client";
			};
			name = Debug;
		};
		B621DBAA1F50FE4500361ED5 /* Release */ = {
			isa = XCBuildConfiguration;
			buildSettings = {
				ALWAYS_EMBED_SWIFT_STANDARD_LIBRARIES = YES;
				BUNDLE_LOADER = "$(TEST_HOST)";
				DEVELOPMENT_TEAM = PCCZJUYRT6;
				INFOPLIST_FILE = "ios-twitter-clientTests/Info.plist";
				LD_RUNPATH_SEARCH_PATHS = "$(inherited) @executable_path/Frameworks @loader_path/Frameworks";
				PRODUCT_BUNDLE_IDENTIFIER = "jp.st-ventures.ios-twitter-clientTests";
				PRODUCT_NAME = "$(TARGET_NAME)";
				SWIFT_VERSION = 3.0;
				TEST_HOST = "$(BUILT_PRODUCTS_DIR)/ios-twitter-client.app/ios-twitter-client";
			};
			name = Release;
		};
/* End XCBuildConfiguration section */

/* Begin XCConfigurationList section */
		B621DB831F50FE4400361ED5 /* Build configuration list for PBXProject "ios-twitter-client" */ = {
			isa = XCConfigurationList;
			buildConfigurations = (
				B621DBA31F50FE4500361ED5 /* Debug */,
				B621DBA41F50FE4500361ED5 /* Release */,
			);
			defaultConfigurationIsVisible = 0;
			defaultConfigurationName = Release;
		};
		B621DBA51F50FE4500361ED5 /* Build configuration list for PBXNativeTarget "ios-twitter-client" */ = {
			isa = XCConfigurationList;
			buildConfigurations = (
				B621DBA61F50FE4500361ED5 /* Debug */,
				B621DBA71F50FE4500361ED5 /* Release */,
			);
			defaultConfigurationIsVisible = 0;
		};
		B621DBA81F50FE4500361ED5 /* Build configuration list for PBXNativeTarget "ios-twitter-clientTests" */ = {
			isa = XCConfigurationList;
			buildConfigurations = (
				B621DBA91F50FE4500361ED5 /* Debug */,
				B621DBAA1F50FE4500361ED5 /* Release */,
			);
			defaultConfigurationIsVisible = 0;
		};
/* End XCConfigurationList section */
	};
	rootObject = B621DB801F50FE4400361ED5 /* Project object */;
}
